dependencies:
  espressif/cjson:
    component_hash: 9372811fb197926f522c467627cf4a8e72b681e0366e17879631da801103aef3
    dependencies:
    - name: idf
      require: private
      version: '>=5.0'
    source:
      registry_url: https://components.espressif.com/
      type: service
    version: 1.7.19
  idf:
    source:
      type: idf
    version: 5.5.1
direct_dependencies:
- espressif/cjson
- idf
manifest_hash: 5b2077e132d511b2b887c9d2275cabf76e5624ef22db910a9caeda85bf8dd106
target: esp32
version: 2.0.0
